
Microsoft Visual Studio Solution File, Format Version 12.00
Project("{FAE04EC0-301F-11D3-BF4B-00C04F79EFBC}") = "MyApiii", "MyApiii\MyApiii.csproj", "{ED7274BC-5754-47FC-8D98-CAA1232DAFB8}"
EndProject
Global
	GlobalSection(SolutionConfigurationPlatforms) = preSolution
		Debug|Any CPU = Debug|Any CPU
		Release|Any CPU = Release|Any CPU
	EndGlobalSection
	GlobalSection(ProjectConfigurationPlatforms) = postSolution
		{ED7274BC-5754-47FC-8D98-CAA1232DAFB8}.Debug|Any CPU.ActiveCfg = Debug|Any CPU
		{ED7274BC-5754-47FC-8D98-CAA1232DAFB8}.Debug|Any CPU.Build.0 = Debug|Any CPU
		{ED7274BC-5754-47FC-8D98-CAA1232DAFB8}.Release|Any CPU.ActiveCfg = Release|Any CPU
		{ED7274BC-5754-47FC-8D98-CAA1232DAFB8}.Release|Any CPU.Build.0 = Release|Any CPU
	EndGlobalSection
EndGlobal
